// !$*UTF8*$!
{
	archiveVersion = 1;
	classes = {
	};
	objectVersion = 46;
	objects = {

/* Begin PBXBuildFile section */
		55BB1C381F30BF64000E1ABE /* AppDelegate.swift in Sources */ = {isa = PBXBuildFile; fileRef = 55BB1C371F30BF64000E1ABE /* AppDelegate.swift */; };
		55BB1C3A1F30BF64000E1ABE /* ViewController.swift in Sources */ = {isa = PBXBuildFile; fileRef = 55BB1C391F30BF64000E1ABE /* ViewController.swift */; };
		55BB1C3D1F30BF64000E1ABE /* Main.storyboard in Resources */ = {isa = PBXBuildFile; fileRef = 55BB1C3B1F30BF64000E1ABE /* Main.storyboard */; };
		55BB1C3F1F30BF64000E1ABE /* Assets.xcassets in Resources */ = {isa = PBXBuildFile; fileRef = 55BB1C3E1F30BF64000E1ABE /* Assets.xcassets */; };
		55BB1C421F30BF64000E1ABE /* LaunchScreen.storyboard in Resources */ = {isa = PBXBuildFile; fileRef = 55BB1C401F30BF64000E1ABE /* LaunchScreen.storyboard */; };
		55BB1C4D1F30BF64000E1ABE /* View_switcherUITests.swift in Sources */ = {isa = PBXBuildFile; fileRef = 55BB1C4C1F30BF64000E1ABE /* View_switcherUITests.swift */; };
/* End PBXBuildFile section */

/* Begin PBXContainerItemProxy section */
		55BB1C491F30BF64000E1ABE /* PBXContainerItemProxy */ = {
			isa = PBXContainerItemProxy;
			containerPortal = 55BB1C2C1F30BF64000E1ABE /* Project object */;
			proxyType = 1;
			remoteGlobalIDString = 55BB1C331F30BF64000E1ABE;
			remoteInfo = "View switcher";
		};
/* End PBXContainerItemProxy section */

/* Begin PBXFileReference section */
		55BB1C341F30BF64000E1ABE /* View switcher.app */ = {isa = PBXFileReference; explicitFileType = wrapper.application; includeInIndex = 0; path = "View switcher.app"; sourceTree = BUILT_PRODUCTS_DIR; };
		55BB1C371F30BF64000E1ABE /* AppDelegate.swift */ = {isa = PBXFileReference; lastKnownFileType = sourcecode.swift; path = AppDelegate.swift; sourceTree = "<group>"; };
		55BB1C391F30BF64000E1ABE /* ViewController.swift */ = {isa = PBXFileReference; lastKnownFileType = sourcecode.swift; path = ViewController.swift; sourceTree = "<group>"; };
		55BB1C3C1F30BF64000E1ABE /* Base */ = {isa = PBXFileReference; lastKnownFileType = file.storyboard; name = Base; path = Base.lproj/Main.storyboard; sourceTree = "<group>"; };
		55BB1C3E1F30BF64000E1ABE /* Assets.xcassets */ = {isa = PBXFileReference; lastKnownFileType = folder.assetcatalog; path = Assets.xcassets; sourceTree = "<group>"; };
		55BB1C411F30BF64000E1ABE /* Base */ = {isa = PBXFileReference; lastKnownFileType = file.storyboard; name = Base; path = Base.lproj/LaunchScreen.storyboard; sourceTree = "<group>"; };
		55BB1C431F30BF64000E1ABE /* Info.plist */ = {isa = PBXFileReference; lastKnownFileType = text.plist.xml; path = Info.plist; sourceTree = "<group>"; };
		55BB1C481F30BF64000E1ABE /* View switcherUITests.xctest */ = {isa = PBXFileReference; explicitFileType = wrapper.cfbundle; includeInIndex = 0; path = "View switcherUITests.xctest"; sourceTree = BUILT_PRODUCTS_DIR; };
		55BB1C4C1F30BF64000E1ABE /* View_switcherUITests.swift */ = {isa = PBXFileReference; lastKnownFileType = sourcecode.swift; path = View_switcherUITests.swift; sourceTree = "<group>"; };
		55BB1C4E1F30BF64000E1ABE /* Info.plist */ = {isa = PBXFileReference; lastKnownFileType = text.plist.xml; path = Info.plist; sourceTree = "<group>"; };
/* End PBXFileReference section */

/* Begin PBXFrameworksBuildPhase section */
		55BB1C311F30BF64000E1ABE /* Frameworks */ = {
			isa = PBXFrameworksBuildPhase;
			buildActionMask = 2147483647;
			files = (
			);
			runOnlyForDeploymentPostprocessing = 0;
		};
		55BB1C451F30BF64000E1ABE /* Frameworks */ = {
			isa = PBXFrameworksBuildPhase;
			buildActionMask = 2147483647;
			files = (
			);
			runOnlyForDeploymentPostprocessing = 0;
		};
/* End PBXFrameworksBuildPhase section */

/* Begin PBXGroup section */
		55BB1C2B1F30BF64000E1ABE = {
			isa = PBXGroup;
			children = (
				55BB1C361F30BF64000E1ABE /* View switcher */,
				55BB1C4B1F30BF64000E1ABE /* View switcherUITests */,
				55BB1C351F30BF64000E1ABE /* Products */,
			);
			sourceTree = "<group>";
		};
		55BB1C351F30BF64000E1ABE /* Products */ = {
			isa = PBXGroup;
			children = (
				55BB1C341F30BF64000E1ABE /* View switcher.app */,
				55BB1C481F30BF64000E1ABE /* View switcherUITests.xctest */,
			);
			name = Products;
			sourceTree = "<group>";
		};
		55BB1C361F30BF64000E1ABE /* View switcher */ = {
			isa = PBXGroup;
			children = (
				55BB1C371F30BF64000E1ABE /* AppDelegate.swift */,
				55BB1C391F30BF64000E1ABE /* ViewController.swift */,
				55BB1C3B1F30BF64000E1ABE /* Main.storyboard */,
				55BB1C3E1F30BF64000E1ABE /* Assets.xcassets */,
				55BB1C401F30BF64000E1ABE /* LaunchScreen.storyboard */,
				55BB1C431F30BF64000E1ABE /* Info.plist */,
			);
			path = "View switcher";
			sourceTree = "<group>";
		};
		55BB1C4B1F30BF64000E1ABE /* View switcherUITests */ = {
			isa = PBXGroup;
			children = (
				55BB1C4C1F30BF64000E1ABE /* View_switcherUITests.swift */,
				55BB1C4E1F30BF64000E1ABE /* Info.plist */,
			);
			path = "View switcherUITests";
			sourceTree = "<group>";
		};
/* End PBXGroup section */

/* Begin PBXNativeTarget section */
		55BB1C331F30BF64000E1ABE /* View switcher */ = {
			isa = PBXNativeTarget;
			buildConfigurationList = 55BB1C511F30BF64000E1ABE /* Build configuration list for PBXNativeTarget "View switcher" */;
			buildPhases = (
				55BB1C301F30BF64000E1ABE /* Sources */,
				55BB1C311F30BF64000E1ABE /* Frameworks */,
				55BB1C321F30BF64000E1ABE /* Resources */,
			);
			buildRules = (
			);
			dependencies = (
			);
			name = "View switcher";
			productName = "View switcher";
			productReference = 55BB1C341F30BF64000E1ABE /* View switcher.app */;
			productType = "com.apple.product-type.application";
		};
		55BB1C471F30BF64000E1ABE /* View switcherUITests */ = {
			isa = PBXNativeTarget;
			buildConfigurationList = 55BB1C541F30BF64000E1ABE /* Build configuration list for PBXNativeTarget "View switcherUITests" */;
			buildPhases = (
				55BB1C441F30BF64000E1ABE /* Sources */,
				55BB1C451F30BF64000E1ABE /* Frameworks */,
				55BB1C461F30BF64000E1ABE /* Resources */,
			);
			buildRules = (
			);
			dependencies = (
				55BB1C4A1F30BF64000E1ABE /* PBXTargetDependency */,
			);
			name = "View switcherUITests";
			productName = "View switcherUITests";
			productReference = 55BB1C481F30BF64000E1ABE /* View switcherUITests.xctest */;
			productType = "com.apple.product-type.bundle.ui-testing";
		};
/* End PBXNativeTarget section */

/* Begin PBXProject section */
		55BB1C2C1F30BF64000E1ABE /* Project object */ = {
			isa = PBXProject;
			attributes = {
				LastSwiftUpdateCheck = 0830;
				LastUpgradeCheck = 0830;
				ORGANIZATIONNAME = "Vladimir Rybalka";
				TargetAttributes = {
					55BB1C331F30BF64000E1ABE = {
						CreatedOnToolsVersion = 8.3.3;
						ProvisioningStyle = Automatic;
					};
					55BB1C471F30BF64000E1ABE = {
						CreatedOnToolsVersion = 8.3.3;
						ProvisioningStyle = Automatic;
						TestTargetID = 55BB1C331F30BF64000E1ABE;
					};
				};
			};
			buildConfigurationList = 55BB1C2F1F30BF64000E1ABE /* Build configuration list for PBXProject "View switcher" */;
			compatibilityVersion = "Xcode 3.2";
			developmentRegion = English;
			hasScannedForEncodings = 0;
			knownRegions = (
				en,
				Base,
			);
			mainGroup = 55BB1C2B1F30BF64000E1ABE;
			productRefGroup = 55BB1C351F30BF64000E1ABE /* Products */;
			projectDirPath = "";
			projectRoot = "";
			targets = (
				55BB1C331F30BF64000E1ABE /* View switcher */,
				55BB1C471F30BF64000E1ABE /* View switcherUITests */,
			);
		};
/* End PBXProject section */

/* Begin PBXResourcesBuildPhase section */
		55BB1C321F30BF64000E1ABE /* Resources */ = {
			isa = PBXResourcesBuildPhase;
			buildActionMask = 2147483647;
			files = (
				55BB1C421F30BF64000E1ABE /* LaunchScreen.storyboard in Resources */,
				55BB1C3F1F30BF64000E1ABE /* Assets.xcassets in Resources */,
				55BB1C3D1F30BF64000E1ABE /* Main.storyboard in Resources */,
			);
			runOnlyForDeploymentPostprocessing = 0;
		};
		55BB1C461F30BF64000E1ABE /* Resources */ = {
			isa = PBXResourcesBuildPhase;
			buildActionMask = 2147483647;
			files = (
			);
			runOnlyForDeploymentPostprocessing = 0;
		};
/* End PBXResourcesBuildPhase section */

/* Begin PBXSourcesBuildPhase section */
		55BB1C301F30BF64000E1ABE /* Sources */ = {
			isa = PBXSourcesBuildPhase;
			buildActionMask = 2147483647;
			files = (
				55BB1C3A1F30BF64000E1ABE /* ViewController.swift in Sources */,
				55BB1C381F30BF64000E1ABE /* AppDelegate.swift in Sources */,
			);
			runOnlyForDeploymentPostprocessing = 0;
		};
		55BB1C441F30BF64000E1ABE /* Sources */ = {
			isa = PBXSourcesBuildPhase;
			buildActionMask = 2147483647;
			files = (
				55BB1C4D1F30BF64000E1ABE /* View_switcherUITests.swift in Sources */,
			);
			runOnlyForDeploymentPostprocessing = 0;
		};
/* End PBXSourcesBuildPhase section */

/* Begin PBXTargetDependency section */
		55BB1C4A1F30BF64000E1ABE /* PBXTargetDependency */ = {
			isa = PBXTargetDependency;
			target = 55BB1C331F30BF64000E1ABE /* View switcher */;
			targetProxy = 55BB1C491F30BF64000E1ABE /* PBXContainerItemProxy */;
		};
/* End PBXTargetDependency section */

/* Begin PBXVariantGroup section */
		55BB1C3B1F30BF64000E1ABE /* Main.storyboard */ = {
			isa = PBXVariantGroup;
			children = (
				55BB1C3C1F30BF64000E1ABE /* Base */,
			);
			name = Main.storyboard;
			sourceTree = "<group>";
		};
		55BB1C401F30BF64000E1ABE /* LaunchScreen.storyboard */ = {
			isa = PBXVariantGroup;
			children = (
				55BB1C411F30BF64000E1ABE /* Base */,
			);
			name = LaunchScreen.storyboard;
			sourceTree = "<group>";
		};
/* End PBXVariantGroup section */

/* Begin XCBuildConfiguration section */
		55BB1C4F1F30BF64000E1ABE /* Debug */ = {
			isa = XCBuildConfiguration;
			buildSettings = {
				ALWAYS_SEARCH_USER_PATHS = NO;
				CLANG_ANALYZER_NONNULL = YES;
				CLANG_ANALYZER_NUMBER_OBJECT_CONVERSION = YES_AGGRESSIVE;
				CLANG_CXX_LANGUAGE_STANDARD = "gnu++0x";
				CLANG_CXX_LIBRARY = "libc++";
				CLANG_ENABLE_MODULES = YES;
				CLANG_ENABLE_OBJC_ARC = YES;
				CLANG_WARN_BOOL_CONVERSION = YES;
				CLANG_WARN_CONSTANT_CONVERSION = YES;
				CLANG_WARN_DIRECT_OBJC_ISA_USAGE = YES_ERROR;
				CLANG_WARN_DOCUMENTATION_COMMENTS = YES;
				CLANG_WARN_EMPTY_BODY = YES;
				CLANG_WARN_ENUM_CONVERSION = YES;
				CLANG_WARN_INFINITE_RECURSION = YES;
				CLANG_WARN_INT_CONVERSION = YES;
				CLANG_WARN_OBJC_ROOT_CLASS = YES_ERROR;
				CLANG_WARN_SUSPICIOUS_MOVE = YES;
				CLANG_WARN_UNREACHABLE_CODE = YES;
				CLANG_WARN__DUPLICATE_METHOD_MATCH = YES;
				"CODE_SIGN_IDENTITY[sdk=iphoneos*]" = "iPhone Developer";
				COPY_PHASE_STRIP = NO;
				DEBUG_INFORMATION_FORMAT = dwarf;
				ENABLE_STRICT_OBJC_MSGSEND = YES;
				ENABLE_TESTABILITY = YES;
				GCC_C_LANGUAGE_STANDARD = gnu99;
				GCC_DYNAMIC_NO_PIC = NO;
				GCC_NO_COMMON_BLOCKS = YES;
				GCC_OPTIMIZATION_LEVEL = 0;
				GCC_PREPROCESSOR_DEFINITIONS = (
					"DEBUG=1",
					"$(inherited)",
				);
				GCC_WARN_64_TO_32_BIT_CONVERSION = YES;
				GCC_WARN_ABOUT_RETURN_TYPE = YES_ERROR;
				GCC_WARN_UNDECLARED_SELECTOR = YES;
				GCC_WARN_UNINITIALIZED_AUTOS = YES_AGGRESSIVE;
				GCC_WARN_UNUSED_FUNCTION = YES;
				GCC_WARN_UNUSED_VARIABLE = YES;
				IPHONEOS_DEPLOYMENT_TARGET = 10.3;
				MTL_ENABLE_DEBUG_INFO = YES;
				ONLY_ACTIVE_ARCH = YES;
				SDKROOT = iphoneos;
				SWIFT_ACTIVE_COMPILATION_CONDITIONS = DEBUG;
				SWIFT_OPTIMIZATION_LEVEL = "-Onone";
				TARGETED_DEVICE_FAMILY = "1,2";
			};
			name = Debug;
		};
		55BB1C501F30BF64000E1ABE /* Release */ = {
			isa = XCBuildConfiguration;
			buildSettings = {
				ALWAYS_SEARCH_USER_PATHS = NO;
				CLANG_ANALYZER_NONNULL = YES;
				CLANG_ANALYZER_NUMBER_OBJECT_CONVERSION = YES_AGGRESSIVE;
				CLANG_CXX_LANGUAGE_STANDARD = "gnu++0x";
				CLANG_CXX_LIBRARY = "libc++";
				CLANG_ENABLE_MODULES = YES;
				CLANG_ENABLE_OBJC_ARC = YES;
				CLANG_WARN_BOOL_CONVERSION = YES;
				CLANG_WARN_CONSTANT_CONVERSION = YES;
				CLANG_WARN_DIRECT_OBJC_ISA_USAGE = YES_ERROR;
				CLANG_WARN_DOCUMENTATION_COMMENTS = YES;
				CLANG_WARN_EMPTY_BODY = YES;
				CLANG_WARN_ENUM_CONVERSION = YES;
				CLANG_WARN_INFINITE_RECURSION = YES;
				CLANG_WARN_INT_CONVERSION = YES;
				CLANG_WARN_OBJC_ROOT_CLASS = YES_ERROR;
				CLANG_WARN_SUSPICIOUS_MOVE = YES;
				CLANG_WARN_UNREACHABLE_CODE = YES;
				CLANG_WARN__DUPLICATE_METHOD_MATCH = YES;
				"CODE_SIGN_IDENTITY[sdk=iphoneos*]" = "iPhone Developer";
				COPY_PHASE_STRIP = NO;
				DEBUG_INFORMATION_FORMAT = "dwarf-with-dsym";
				ENABLE_NS_ASSERTIONS = NO;
				ENABLE_STRICT_OBJC_MSGSEND = YES;
				GCC_C_LANGUAGE_STANDARD = gnu99;
				GCC_NO_COMMON_BLOCKS = YES;
				GCC_WARN_64_TO_32_BIT_CONVERSION = YES;
				GCC_WARN_ABOUT_RETURN_TYPE = YES_ERROR;
				GCC_WARN_UNDECLARED_SELECTOR = YES;
				GCC_WARN_UNINITIALIZED_AUTOS = YES_AGGRESSIVE;
				GCC_WARN_UNUSED_FUNCTION = YES;
				GCC_WARN_UNUSED_VARIABLE = YES;
				IPHONEOS_DEPLOYMENT_TARGET = 10.3;
				MTL_ENABLE_DEBUG_INFO = NO;
				SDKROOT = iphoneos;
				SWIFT_OPTIMIZATION_LEVEL = "-Owholemodule";
				TARGETED_DEVICE_FAMILY = "1,2";
				VALIDATE_PRODUCT = YES;
			};
			name = Release;
		};
		55BB1C521F30BF64000E1ABE /* Debug */ = {
			isa = XCBuildConfiguration;
			buildSettings = {
				ASSETCATALOG_COMPILER_APPICON_NAME = AppIcon;
				INFOPLIST_FILE = "View switcher/Info.plist";
				LD_RUNPATH_SEARCH_PATHS = "$(inherited) @executable_path/Frameworks";
				PRODUCT_BUNDLE_IDENTIFIER = "com.initium.View-switcher";
				PRODUCT_NAME = "$(TARGET_NAME)";
				SWIFT_VERSION = 3.0;
			};
			name = Debug;
		};
		55BB1C531F30BF64000E1ABE /* Release */ = {
			isa = XCBuildConfiguration;
			buildSettings = {
				ASSETCATALOG_COMPILER_APPICON_NAME = AppIcon;
				INFOPLIST_FILE = "View switcher/Info.plist";
				LD_RUNPATH_SEARCH_PATHS = "$(inherited) @executable_path/Frameworks";
				PRODUCT_BUNDLE_IDENTIFIER = "com.initium.View-switcher";
				PRODUCT_NAME = "$(TARGET_NAME)";
				SWIFT_VERSION = 3.0;
			};
			name = Release;
		};
		55BB1C551F30BF64000E1ABE /* Debug */ = {
			isa = XCBuildConfiguration;
			buildSettings = {
				ALWAYS_EMBED_SWIFT_STANDARD_LIBRARIES = YES;
				INFOPLIST_FILE = "View switcherUITests/Info.plist";
				LD_RUNPATH_SEARCH_PATHS = "$(inherited) @executable_path/Frameworks @loader_path/Frameworks";
				PRODUCT_BUNDLE_IDENTIFIER = "com.initium.View-switcherUITests";
				PRODUCT_NAME = "$(TARGET_NAME)";
				SWIFT_VERSION = 3.0;
				TEST_TARGET_NAME = "View switcher";
			};
			name = Debug;
		};
		55BB1C561F30BF64000E1ABE /* Release */ = {
			isa = XCBuildConfiguration;
			buildSettings = {
				ALWAYS_EMBED_SWIFT_STANDARD_LIBRARIES = YES;
				INFOPLIST_FILE = "View switcherUITests/Info.plist";
				LD_RUNPATH_SEARCH_PATHS = "$(inherited) @executable_path/Frameworks @loader_path/Frameworks";
				PRODUCT_BUNDLE_IDENTIFIER = "com.initium.View-switcherUITests";
				PRODUCT_NAME = "$(TARGET_NAME)";
				SWIFT_VERSION = 3.0;
				TEST_TARGET_NAME = "View switcher";
			};
			name = Release;
		};
/* End XCBuildConfiguration section */

/* Begin XCConfigurationList section */
		55BB1C2F1F30BF64000E1ABE /* Build configuration list for PBXProject "View switcher" */ = {
			isa = XCConfigurationList;
			buildConfigurations = (
				55BB1C4F1F30BF64000E1ABE /* Debug */,
				55BB1C501F30BF64000E1ABE /* Release */,
			);
			defaultConfigurationIsVisible = 0;
			defaultConfigurationName = Release;
		};
		55BB1C511F30BF64000E1ABE /* Build configuration list for PBXNativeTarget "View switcher" */ = {
			isa = XCConfigurationList;
			buildConfigurations = (
				55BB1C521F30BF64000E1ABE /* Debug */,
				55BB1C531F30BF64000E1ABE /* Release */,
			);
			defaultConfigurationIsVisible = 0;
		};
		55BB1C541F30BF64000E1ABE /* Build configuration list for PBXNativeTarget "View switcherUITests" */ = {
			isa = XCConfigurationList;
			buildConfigurations = (
				55BB1C551F30BF64000E1ABE /* Debug */,
				55BB1C561F30BF64000E1ABE /* Release */,
			);
			defaultConfigurationIsVisible = 0;
		};
/* End XCConfigurationList section */
	};
	rootObject = 55BB1C2C1F30BF64000E1ABE /* Project object */;
}
